
Microsoft Visual Studio Solution File, Format Version 12.00
# Visual Studio Version 17
VisualStudioVersion = 17.7.34018.315
MinimumVisualStudioVersion = 10.0.40219.1
Project("{FAE04EC0-301F-11D3-BF4B-00C04F79EFBC}") = "Inlämningsuppgifter till kapitel 6", "Inlämningsuppgifter till kapitel 6.csproj", "{20ADB4A6-CC74-45E4-9319-06657A46511E}"
EndProject
Global
	GlobalSection(SolutionConfigurationPlatforms) = preSolution
		Debug|Any CPU = Debug|Any CPU
		Release|Any CPU = Release|Any CPU
	EndGlobalSection
	GlobalSection(ProjectConfigurationPlatforms) = postSolution
		{20ADB4A6-CC74-45E4-9319-06657A46511E}.Debug|Any CPU.ActiveCfg = Debug|Any CPU
		{20ADB4A6-CC74-45E4-9319-06657A46511E}.Debug|Any CPU.Build.0 = Debug|Any CPU
		{20ADB4A6-CC74-45E4-9319-06657A46511E}.Release|Any CPU.ActiveCfg = Release|Any CPU
		{20ADB4A6-CC74-45E4-9319-06657A46511E}.Release|Any CPU.Build.0 = Release|Any CPU
	EndGlobalSection
	GlobalSection(SolutionProperties) = preSolution
		HideSolutionNode = FALSE
	EndGlobalSection
	GlobalSection(ExtensibilityGlobals) = postSolution
		SolutionGuid = {E2E42470-7D9A-4711-9E48-ADDF521ECF04}
	EndGlobalSection
EndGlobal
